
Microsoft Visual Studio Solution File, Format Version 12.00
# Visual Studio Version 17
VisualStudioVersion = 17.8.34511.84
MinimumVisualStudioVersion = 10.0.40219.1
Project("{FAE04EC0-301F-11D3-BF4B-00C04F79EFBC}") = "ChatApp", "ChatApp\ChatApp.csproj", "{9C15405B-A26C-47E1-B4B3-795FD21BA62B}"
EndProject
Global
	GlobalSection(SolutionConfigurationPlatforms) = preSolution
		Debug|Any CPU = Debug|Any CPU
		Release|Any CPU = Release|Any CPU
	EndGlobalSection
	GlobalSection(ProjectConfigurationPlatforms) = postSolution
		{9C15405B-A26C-47E1-B4B3-795FD21BA62B}.Debug|Any CPU.ActiveCfg = Debug|Any CPU
		{9C15405B-A26C-47E1-B4B3-795FD21BA62B}.Debug|Any CPU.Build.0 = Debug|Any CPU
		{9C15405B-A26C-47E1-B4B3-795FD21BA62B}.Release|Any CPU.ActiveCfg = Release|Any CPU
		{9C15405B-A26C-47E1-B4B3-795FD21BA62B}.Release|Any CPU.Build.0 = Release|Any CPU
	EndGlobalSection
	GlobalSection(SolutionProperties) = preSolution
		HideSolutionNode = FALSE
	EndGlobalSection
	GlobalSection(ExtensibilityGlobals) = postSolution
		SolutionGuid = {FCFF23FF-3671-4C66-9B45-A947DED020EC}
	EndGlobalSection
EndGlobal
