
Microsoft Visual Studio Solution File, Format Version 12.00
# Visual Studio Version 17
VisualStudioVersion = 17.8.34511.84
MinimumVisualStudioVersion = 10.0.40219.1
Project("{FAE04EC0-301F-11D3-BF4B-00C04F79EFBC}") = "TextSplitter", "TextSplitter\TextSplitter.csproj", "{F3593C96-C56C-4D9D-910A-ECD874F3A477}"
EndProject
Global
	GlobalSection(SolutionConfigurationPlatforms) = preSolution
		Debug|Any CPU = Debug|Any CPU
		Release|Any CPU = Release|Any CPU
	EndGlobalSection
	GlobalSection(ProjectConfigurationPlatforms) = postSolution
		{F3593C96-C56C-4D9D-910A-ECD874F3A477}.Debug|Any CPU.ActiveCfg = Debug|Any CPU
		{F3593C96-C56C-4D9D-910A-ECD874F3A477}.Debug|Any CPU.Build.0 = Debug|Any CPU
		{F3593C96-C56C-4D9D-910A-ECD874F3A477}.Release|Any CPU.ActiveCfg = Release|Any CPU
		{F3593C96-C56C-4D9D-910A-ECD874F3A477}.Release|Any CPU.Build.0 = Release|Any CPU
	EndGlobalSection
	GlobalSection(SolutionProperties) = preSolution
		HideSolutionNode = FALSE
	EndGlobalSection
	GlobalSection(ExtensibilityGlobals) = postSolution
		SolutionGuid = {5CD229A1-0941-4891-8504-C49D0C46B440}
	EndGlobalSection
EndGlobal
