
Microsoft Visual Studio Solution File, Format Version 12.00
# Visual Studio Version 16
VisualStudioVersion = 16.0.32901.82
MinimumVisualStudioVersion = 10.0.40219.1
Project("{FAE04EC0-301F-11D3-BF4B-00C04F79EFBC}") = "WebAppMVC", "WebAppMVC\WebAppMVC.csproj", "{36EF3C0A-493C-4346-BDA1-AFFED4EAD0BC}"
EndProject
Global
	GlobalSection(SolutionConfigurationPlatforms) = preSolution
		Debug|Any CPU = Debug|Any CPU
		Release|Any CPU = Release|Any CPU
	EndGlobalSection
	GlobalSection(ProjectConfigurationPlatforms) = postSolution
		{36EF3C0A-493C-4346-BDA1-AFFED4EAD0BC}.Debug|Any CPU.ActiveCfg = Debug|Any CPU
		{36EF3C0A-493C-4346-BDA1-AFFED4EAD0BC}.Debug|Any CPU.Build.0 = Debug|Any CPU
		{36EF3C0A-493C-4346-BDA1-AFFED4EAD0BC}.Release|Any CPU.ActiveCfg = Release|Any CPU
		{36EF3C0A-493C-4346-BDA1-AFFED4EAD0BC}.Release|Any CPU.Build.0 = Release|Any CPU
	EndGlobalSection
	GlobalSection(SolutionProperties) = preSolution
		HideSolutionNode = FALSE
	EndGlobalSection
	GlobalSection(ExtensibilityGlobals) = postSolution
		SolutionGuid = {EFEBE7D3-7064-45AB-84AC-3D5D42545FB4}
	EndGlobalSection
EndGlobal
